
Microsoft Visual Studio Solution File, Format Version 12.00
# Visual Studio Version 16
VisualStudioVersion = 16.0.31005.135
MinimumVisualStudioVersion = 10.0.40219.1
Project("{FAE04EC0-301F-11D3-BF4B-00C04F79EFBC}") = "ASPNETMVCAndWCF", "ASPNETMVCAndWCF\ASPNETMVCAndWCF.csproj", "{361254B3-C0D0-49CA-B4A5-8427B966E158}"
	ProjectSection(ProjectDependencies) = postProject
		{C0ED2970-B909-4D3A-A9FD-2BC489AB3799} = {C0ED2970-B909-4D3A-A9FD-2BC489AB3799}
	EndProjectSection
EndProject
Project("{FAE04EC0-301F-11D3-BF4B-00C04F79EFBC}") = "MyWcfService", "MyWcfService\MyWcfService.csproj", "{C0ED2970-B909-4D3A-A9FD-2BC489AB3799}"
EndProject
Global
	GlobalSection(SolutionConfigurationPlatforms) = preSolution
		Debug|Any CPU = Debug|Any CPU
		Release|Any CPU = Release|Any CPU
	EndGlobalSection
	GlobalSection(ProjectConfigurationPlatforms) = postSolution
		{361254B3-C0D0-49CA-B4A5-8427B966E158}.Debug|Any CPU.ActiveCfg = Debug|Any CPU
		{361254B3-C0D0-49CA-B4A5-8427B966E158}.Debug|Any CPU.Build.0 = Debug|Any CPU
		{361254B3-C0D0-49CA-B4A5-8427B966E158}.Release|Any CPU.ActiveCfg = Release|Any CPU
		{361254B3-C0D0-49CA-B4A5-8427B966E158}.Release|Any CPU.Build.0 = Release|Any CPU
		{C0ED2970-B909-4D3A-A9FD-2BC489AB3799}.Debug|Any CPU.ActiveCfg = Debug|Any CPU
		{C0ED2970-B909-4D3A-A9FD-2BC489AB3799}.Debug|Any CPU.Build.0 = Debug|Any CPU
		{C0ED2970-B909-4D3A-A9FD-2BC489AB3799}.Release|Any CPU.ActiveCfg = Release|Any CPU
		{C0ED2970-B909-4D3A-A9FD-2BC489AB3799}.Release|Any CPU.Build.0 = Release|Any CPU
	EndGlobalSection
	GlobalSection(SolutionProperties) = preSolution
		HideSolutionNode = FALSE
	EndGlobalSection
	GlobalSection(ExtensibilityGlobals) = postSolution
		SolutionGuid = {72B81D40-0058-4CF0-9F88-4838F7AC05E5}
	EndGlobalSection
EndGlobal
